
Microsoft Visual Studio Solution File, Format Version 12.00
# Visual Studio Version 16
VisualStudioVersion = 16.0.30621.155
MinimumVisualStudioVersion = 10.0.40219.1
Project("{FAE04EC0-301F-11D3-BF4B-00C04F79EFBC}") = "ShoeStore", "ShoeStore.csproj", "{E5A5FA19-9A33-40AB-A351-B7ADA643E713}"
EndProject
Project("{54435603-DBB4-11D2-8724-00A0C9A8B90C}") = "ShoeStoreDeloy", "Setup\ShoeStoreDeloy\ShoeStoreDeloy.vdproj", "{D4BDD8FD-92FD-4A06-940A-B9670C97D355}"
EndProject
Global
	GlobalSection(SolutionConfigurationPlatforms) = preSolution
		Debug|Any CPU = Debug|Any CPU
		Release|Any CPU = Release|Any CPU
	EndGlobalSection
	GlobalSection(ProjectConfigurationPlatforms) = postSolution
		{E5A5FA19-9A33-40AB-A351-B7ADA643E713}.Debug|Any CPU.ActiveCfg = Debug|Any CPU
		{E5A5FA19-9A33-40AB-A351-B7ADA643E713}.Debug|Any CPU.Build.0 = Debug|Any CPU
		{E5A5FA19-9A33-40AB-A351-B7ADA643E713}.Release|Any CPU.ActiveCfg = Release|Any CPU
		{E5A5FA19-9A33-40AB-A351-B7ADA643E713}.Release|Any CPU.Build.0 = Release|Any CPU
		{D4BDD8FD-92FD-4A06-940A-B9670C97D355}.Debug|Any CPU.ActiveCfg = Debug
		{D4BDD8FD-92FD-4A06-940A-B9670C97D355}.Release|Any CPU.ActiveCfg = Release
	EndGlobalSection
	GlobalSection(SolutionProperties) = preSolution
		HideSolutionNode = FALSE
	EndGlobalSection
	GlobalSection(ExtensibilityGlobals) = postSolution
		SolutionGuid = {8971FE0C-50E5-49C8-82E4-35E69FAB20B0}
	EndGlobalSection
EndGlobal
